
Microsoft Visual Studio Solution File, Format Version 12.00
# Visual Studio Version 17
VisualStudioVersion = 17.10.34928.147
MinimumVisualStudioVersion = 10.0.40219.1
Project("{2150E333-8FDC-42A3-9474-1A3956D46DE8}") = "Solution Items", "Solution Items", "{D80E218E-33FB-4234-AE9E-2AE0CEB1CC19}"
	ProjectSection(SolutionItems) = preProject
		MyNotes.txt = MyNotes.txt
		NoteToAmandeep.txt = NoteToAmandeep.txt
	EndProjectSection
EndProject
Project("{9A19103F-16F7-4668-BE54-9A1E7A4F7556}") = "ConsoleApp", "ConsoleApp\ConsoleApp.csproj", "{7E439A10-AA46-4628-8F8A-97B1C16814B0}"
EndProject
Project("{2150E333-8FDC-42A3-9474-1A3956D46DE8}") = "Tests", "Tests", "{CBC49DD4-0A70-4CBA-A5E9-0F176D86BC86}"
EndProject
Project("{2150E333-8FDC-42A3-9474-1A3956D46DE8}") = "DataAccess", "DataAccess", "{44A01977-0BB0-4AE7-A58C-FADB0A6645C2}"
EndProject
Project("{2150E333-8FDC-42A3-9474-1A3956D46DE8}") = "Core", "Core", "{F0026CF5-8D91-41D7-8824-2678E3904071}"
EndProject
Project("{9A19103F-16F7-4668-BE54-9A1E7A4F7556}") = "CareerCloud.BusinessLogicLayer", "Core\CareerCloud.BusinessLogicLayer\CareerCloud.BusinessLogicLayer.csproj", "{04F2F5D5-CD06-4CDA-86CC-61D60548DF84}"
EndProject
Project("{9A19103F-16F7-4668-BE54-9A1E7A4F7556}") = "CareerCloud.Pocos", "Core\CareerCloud.Pocos\CareerCloud.Pocos.csproj", "{596343E8-F4BA-4527-BD8D-1D74EB5DA95D}"
EndProject
Project("{9A19103F-16F7-4668-BE54-9A1E7A4F7556}") = "CareerCloud.ADODataAccessLayer", "DataAccess\CareerCloud.ADODataAccessLayer\CareerCloud.ADODataAccessLayer.csproj", "{06877DB6-B564-4BEE-ADA6-B34C5BAA2CEE}"
EndProject
Project("{9A19103F-16F7-4668-BE54-9A1E7A4F7556}") = "CareerCloud.DataAccessLayer", "DataAccess\CareerCloud.DataAccessLayer\CareerCloud.DataAccessLayer.csproj", "{11E8E1CF-19E8-4999-B924-14E3D21984F8}"
EndProject
Project("{9A19103F-16F7-4668-BE54-9A1E7A4F7556}") = "CareerCloud.EntityFrameworkDataAccess", "DataAccess\CareerCloud.EntityFrameworkDataAccess\CareerCloud.EntityFrameworkDataAccess.csproj", "{5892823E-2D4B-4D52-A5B9-F1423BED93CC}"
EndProject
Project("{9A19103F-16F7-4668-BE54-9A1E7A4F7556}") = "CareerCloudCore.UnitTests.Assignment1", "Tests\CareerCloudCore.UnitTests.Assignment1\CareerCloudCore.UnitTests.Assignment1.csproj", "{B7B1188E-601B-4BD7-9E76-404C8CC2F82A}"
EndProject
Project("{9A19103F-16F7-4668-BE54-9A1E7A4F7556}") = "CareerCloudCore.UnitTests.Assignment2", "Tests\CareerCloudCore.UnitTests.Assignment2\CareerCloudCore.UnitTests.Assignment2.csproj", "{41516EF5-C7A6-4436-AB11-7E8E28E09677}"
EndProject
Project("{9A19103F-16F7-4668-BE54-9A1E7A4F7556}") = "CareerCloudCore.UnitTests.Assignment3", "Tests\CareerCloudCore.UnitTests.Assignment3\CareerCloudCore.UnitTests.Assignment3.csproj", "{F2A4D680-CF0F-49C8-9944-515BC5AEA963}"
EndProject
Project("{9A19103F-16F7-4668-BE54-9A1E7A4F7556}") = "CareerCloudCore.UnitTests.Assignment4", "Tests\CareerCloudCore.UnitTests.Assignment4\CareerCloudCore.UnitTests.Assignment4.csproj", "{DB27D45B-88A2-4DEB-A2F6-E01CAE147EC1}"
EndProject
Project("{2150E333-8FDC-42A3-9474-1A3956D46DE8}") = "Presentation", "Presentation", "{C67E0437-57D6-459D-888A-BCC27DA1A03B}"
EndProject
Project("{9A19103F-16F7-4668-BE54-9A1E7A4F7556}") = "CareerCloud.DataTransfer", "Core\CareerCloud.DataTransfer\CareerCloud.DataTransfer.csproj", "{7A837275-D7A9-4C90-A6E0-DFBA75DB86E0}"
EndProject
Project("{9A19103F-16F7-4668-BE54-9A1E7A4F7556}") = "CareerCloudCore.UnitTests.Assignment5", "Tests\CareerCloudCore.UnitTests.Assignment5\CareerCloudCore.UnitTests.Assignment5.csproj", "{33F1C596-7B70-4EDA-8A91-DE14AFBA70CA}"
EndProject
Project("{9A19103F-16F7-4668-BE54-9A1E7A4F7556}") = "CareerCloud.Web.Api", "Presentation\CareerCloud.Web.Api\CareerCloud.Web.Api.csproj", "{63F1E5F0-2D06-4A0E-BC1F-E3A23D695A51}"
EndProject
Global
	GlobalSection(SolutionConfigurationPlatforms) = preSolution
		Debug|Any CPU = Debug|Any CPU
		Release|Any CPU = Release|Any CPU
	EndGlobalSection
	GlobalSection(ProjectConfigurationPlatforms) = postSolution
		{7E439A10-AA46-4628-8F8A-97B1C16814B0}.Debug|Any CPU.ActiveCfg = Debug|Any CPU
		{7E439A10-AA46-4628-8F8A-97B1C16814B0}.Debug|Any CPU.Build.0 = Debug|Any CPU
		{7E439A10-AA46-4628-8F8A-97B1C16814B0}.Release|Any CPU.ActiveCfg = Release|Any CPU
		{7E439A10-AA46-4628-8F8A-97B1C16814B0}.Release|Any CPU.Build.0 = Release|Any CPU
		{04F2F5D5-CD06-4CDA-86CC-61D60548DF84}.Debug|Any CPU.ActiveCfg = Debug|Any CPU
		{04F2F5D5-CD06-4CDA-86CC-61D60548DF84}.Debug|Any CPU.Build.0 = Debug|Any CPU
		{04F2F5D5-CD06-4CDA-86CC-61D60548DF84}.Release|Any CPU.ActiveCfg = Release|Any CPU
		{04F2F5D5-CD06-4CDA-86CC-61D60548DF84}.Release|Any CPU.Build.0 = Release|Any CPU
		{596343E8-F4BA-4527-BD8D-1D74EB5DA95D}.Debug|Any CPU.ActiveCfg = Debug|Any CPU
		{596343E8-F4BA-4527-BD8D-1D74EB5DA95D}.Debug|Any CPU.Build.0 = Debug|Any CPU
		{596343E8-F4BA-4527-BD8D-1D74EB5DA95D}.Release|Any CPU.ActiveCfg = Release|Any CPU
		{596343E8-F4BA-4527-BD8D-1D74EB5DA95D}.Release|Any CPU.Build.0 = Release|Any CPU
		{06877DB6-B564-4BEE-ADA6-B34C5BAA2CEE}.Debug|Any CPU.ActiveCfg = Debug|Any CPU
		{06877DB6-B564-4BEE-ADA6-B34C5BAA2CEE}.Debug|Any CPU.Build.0 = Debug|Any CPU
		{06877DB6-B564-4BEE-ADA6-B34C5BAA2CEE}.Release|Any CPU.ActiveCfg = Release|Any CPU
		{06877DB6-B564-4BEE-ADA6-B34C5BAA2CEE}.Release|Any CPU.Build.0 = Release|Any CPU
		{11E8E1CF-19E8-4999-B924-14E3D21984F8}.Debug|Any CPU.ActiveCfg = Debug|Any CPU
		{11E8E1CF-19E8-4999-B924-14E3D21984F8}.Debug|Any CPU.Build.0 = Debug|Any CPU
		{11E8E1CF-19E8-4999-B924-14E3D21984F8}.Release|Any CPU.ActiveCfg = Release|Any CPU
		{11E8E1CF-19E8-4999-B924-14E3D21984F8}.Release|Any CPU.Build.0 = Release|Any CPU
		{5892823E-2D4B-4D52-A5B9-F1423BED93CC}.Debug|Any CPU.ActiveCfg = Debug|Any CPU
		{5892823E-2D4B-4D52-A5B9-F1423BED93CC}.Debug|Any CPU.Build.0 = Debug|Any CPU
		{5892823E-2D4B-4D52-A5B9-F1423BED93CC}.Release|Any CPU.ActiveCfg = Release|Any CPU
		{5892823E-2D4B-4D52-A5B9-F1423BED93CC}.Release|Any CPU.Build.0 = Release|Any CPU
		{B7B1188E-601B-4BD7-9E76-404C8CC2F82A}.Debug|Any CPU.ActiveCfg = Debug|Any CPU
		{B7B1188E-601B-4BD7-9E76-404C8CC2F82A}.Debug|Any CPU.Build.0 = Debug|Any CPU
		{B7B1188E-601B-4BD7-9E76-404C8CC2F82A}.Release|Any CPU.ActiveCfg = Release|Any CPU
		{B7B1188E-601B-4BD7-9E76-404C8CC2F82A}.Release|Any CPU.Build.0 = Release|Any CPU
		{41516EF5-C7A6-4436-AB11-7E8E28E09677}.Debug|Any CPU.ActiveCfg = Debug|Any CPU
		{41516EF5-C7A6-4436-AB11-7E8E28E09677}.Debug|Any CPU.Build.0 = Debug|Any CPU
		{41516EF5-C7A6-4436-AB11-7E8E28E09677}.Release|Any CPU.ActiveCfg = Release|Any CPU
		{41516EF5-C7A6-4436-AB11-7E8E28E09677}.Release|Any CPU.Build.0 = Release|Any CPU
		{F2A4D680-CF0F-49C8-9944-515BC5AEA963}.Debug|Any CPU.ActiveCfg = Debug|Any CPU
		{F2A4D680-CF0F-49C8-9944-515BC5AEA963}.Debug|Any CPU.Build.0 = Debug|Any CPU
		{F2A4D680-CF0F-49C8-9944-515BC5AEA963}.Release|Any CPU.ActiveCfg = Release|Any CPU
		{F2A4D680-CF0F-49C8-9944-515BC5AEA963}.Release|Any CPU.Build.0 = Release|Any CPU
		{DB27D45B-88A2-4DEB-A2F6-E01CAE147EC1}.Debug|Any CPU.ActiveCfg = Debug|Any CPU
		{DB27D45B-88A2-4DEB-A2F6-E01CAE147EC1}.Debug|Any CPU.Build.0 = Debug|Any CPU
		{DB27D45B-88A2-4DEB-A2F6-E01CAE147EC1}.Release|Any CPU.ActiveCfg = Release|Any CPU
		{DB27D45B-88A2-4DEB-A2F6-E01CAE147EC1}.Release|Any CPU.Build.0 = Release|Any CPU
		{7A837275-D7A9-4C90-A6E0-DFBA75DB86E0}.Debug|Any CPU.ActiveCfg = Debug|Any CPU
		{7A837275-D7A9-4C90-A6E0-DFBA75DB86E0}.Debug|Any CPU.Build.0 = Debug|Any CPU
		{7A837275-D7A9-4C90-A6E0-DFBA75DB86E0}.Release|Any CPU.ActiveCfg = Release|Any CPU
		{7A837275-D7A9-4C90-A6E0-DFBA75DB86E0}.Release|Any CPU.Build.0 = Release|Any CPU
		{33F1C596-7B70-4EDA-8A91-DE14AFBA70CA}.Debug|Any CPU.ActiveCfg = Debug|Any CPU
		{33F1C596-7B70-4EDA-8A91-DE14AFBA70CA}.Debug|Any CPU.Build.0 = Debug|Any CPU
		{33F1C596-7B70-4EDA-8A91-DE14AFBA70CA}.Release|Any CPU.ActiveCfg = Release|Any CPU
		{33F1C596-7B70-4EDA-8A91-DE14AFBA70CA}.Release|Any CPU.Build.0 = Release|Any CPU
		{63F1E5F0-2D06-4A0E-BC1F-E3A23D695A51}.Debug|Any CPU.ActiveCfg = Debug|Any CPU
		{63F1E5F0-2D06-4A0E-BC1F-E3A23D695A51}.Debug|Any CPU.Build.0 = Debug|Any CPU
		{63F1E5F0-2D06-4A0E-BC1F-E3A23D695A51}.Release|Any CPU.ActiveCfg = Release|Any CPU
		{63F1E5F0-2D06-4A0E-BC1F-E3A23D695A51}.Release|Any CPU.Build.0 = Release|Any CPU
	EndGlobalSection
	GlobalSection(SolutionProperties) = preSolution
		HideSolutionNode = FALSE
	EndGlobalSection
	GlobalSection(NestedProjects) = preSolution
		{04F2F5D5-CD06-4CDA-86CC-61D60548DF84} = {F0026CF5-8D91-41D7-8824-2678E3904071}
		{596343E8-F4BA-4527-BD8D-1D74EB5DA95D} = {F0026CF5-8D91-41D7-8824-2678E3904071}
		{06877DB6-B564-4BEE-ADA6-B34C5BAA2CEE} = {44A01977-0BB0-4AE7-A58C-FADB0A6645C2}
		{11E8E1CF-19E8-4999-B924-14E3D21984F8} = {44A01977-0BB0-4AE7-A58C-FADB0A6645C2}
		{5892823E-2D4B-4D52-A5B9-F1423BED93CC} = {44A01977-0BB0-4AE7-A58C-FADB0A6645C2}
		{B7B1188E-601B-4BD7-9E76-404C8CC2F82A} = {CBC49DD4-0A70-4CBA-A5E9-0F176D86BC86}
		{41516EF5-C7A6-4436-AB11-7E8E28E09677} = {CBC49DD4-0A70-4CBA-A5E9-0F176D86BC86}
		{F2A4D680-CF0F-49C8-9944-515BC5AEA963} = {CBC49DD4-0A70-4CBA-A5E9-0F176D86BC86}
		{DB27D45B-88A2-4DEB-A2F6-E01CAE147EC1} = {CBC49DD4-0A70-4CBA-A5E9-0F176D86BC86}
		{7A837275-D7A9-4C90-A6E0-DFBA75DB86E0} = {F0026CF5-8D91-41D7-8824-2678E3904071}
		{33F1C596-7B70-4EDA-8A91-DE14AFBA70CA} = {CBC49DD4-0A70-4CBA-A5E9-0F176D86BC86}
		{63F1E5F0-2D06-4A0E-BC1F-E3A23D695A51} = {C67E0437-57D6-459D-888A-BCC27DA1A03B}
	EndGlobalSection
	GlobalSection(ExtensibilityGlobals) = postSolution
		SolutionGuid = {60B5848D-E529-4FAB-9F00-2F1F93A471D2}
	EndGlobalSection
EndGlobal
